// !$*UTF8*$!
{
	archiveVersion = 1;
	classes = {
	};
	objectVersion = 50;
	objects = {

/* Begin PBXBuildFile section */
		72E398A525BB4ECA00927B17 /* AppDelegate.swift in Sources */ = {isa = PBXBuildFile; fileRef = 72E398A425BB4ECA00927B17 /* AppDelegate.swift */; };
		72E398A725BB4ECA00927B17 /* GameViewController.swift in Sources */ = {isa = PBXBuildFile; fileRef = 72E398A625BB4ECA00927B17 /* GameViewController.swift */; };
		72E398AA25BB4ECA00927B17 /* Basic_Game_Engine.xcdatamodeld in Sources */ = {isa = PBXBuildFile; fileRef = 72E398A825BB4ECA00927B17 /* Basic_Game_Engine.xcdatamodeld */; };
		72E398AC25BB4ECB00927B17 /* Assets.xcassets in Resources */ = {isa = PBXBuildFile; fileRef = 72E398AB25BB4ECB00927B17 /* Assets.xcassets */; };
		72E398AF25BB4ECB00927B17 /* Main.storyboard in Resources */ = {isa = PBXBuildFile; fileRef = 72E398AD25BB4ECB00927B17 /* Main.storyboard */; };
		72E398BB25BB4ECB00927B17 /* Basic_Game_EngineTests.swift in Sources */ = {isa = PBXBuildFile; fileRef = 72E398BA25BB4ECB00927B17 /* Basic_Game_EngineTests.swift */; };
		72E398C625BB4ECB00927B17 /* Basic_Game_EngineUITests.swift in Sources */ = {isa = PBXBuildFile; fileRef = 72E398C525BB4ECB00927B17 /* Basic_Game_EngineUITests.swift */; };
		72E398DB25BB6FB800927B17 /* HelloWorldView.swift in Sources */ = {isa = PBXBuildFile; fileRef = 72E398DA25BB6FB800927B17 /* HelloWorldView.swift */; };
		72E398E125BB73E700927B17 /* BasicShaders.metal in Sources */ = {isa = PBXBuildFile; fileRef = 72E398E025BB73E700927B17 /* BasicShaders.metal */; };
		72E398E725BC135C00927B17 /* GameObject.swift in Sources */ = {isa = PBXBuildFile; fileRef = 72E398E625BC135C00927B17 /* GameObject.swift */; };
		72E398EF25BC19EF00927B17 /* Camera.swift in Sources */ = {isa = PBXBuildFile; fileRef = 72E398EE25BC19EF00927B17 /* Camera.swift */; };
		72E398F525BC21E400927B17 /* Core.swift in Sources */ = {isa = PBXBuildFile; fileRef = 72E398F425BC21E400927B17 /* Core.swift */; };
		72E398FA25BC432C00927B17 /* Constants.swift in Sources */ = {isa = PBXBuildFile; fileRef = 72E398F925BC432C00927B17 /* Constants.swift */; };
		72E3990025BC98AA00927B17 /* Utils.swift in Sources */ = {isa = PBXBuildFile; fileRef = 72E398FF25BC98AA00927B17 /* Utils.swift */; };
		72E3990B25BC9D7B00927B17 /* Mesh.swift in Sources */ = {isa = PBXBuildFile; fileRef = 72E3990A25BC9D7B00927B17 /* Mesh.swift */; };
		72E3991825BCBB2500927B17 /* GameView.swift in Sources */ = {isa = PBXBuildFile; fileRef = 72E3991725BCBB2500927B17 /* GameView.swift */; };
		72E3991D25BCBBB900927B17 /* RenderPipelineState.swift in Sources */ = {isa = PBXBuildFile; fileRef = 72E3991C25BCBBB900927B17 /* RenderPipelineState.swift */; };
		72E3992225BCC95500927B17 /* Renderer.swift in Sources */ = {isa = PBXBuildFile; fileRef = 72E3992125BCC95500927B17 /* Renderer.swift */; };
		72E3992825BCCDCF00927B17 /* RendererManager.swift in Sources */ = {isa = PBXBuildFile; fileRef = 72E3992725BCCDCF00927B17 /* RendererManager.swift */; };
		72E3993025BCD28300927B17 /* SceneManager.swift in Sources */ = {isa = PBXBuildFile; fileRef = 72E3992F25BCD28300927B17 /* SceneManager.swift */; };
		72E3993625BCD8FB00927B17 /* Models.swift in Sources */ = {isa = PBXBuildFile; fileRef = 72E3993525BCD8FB00927B17 /* Models.swift */; };
		72E3993E25BD85E300927B17 /* GameTime.swift in Sources */ = {isa = PBXBuildFile; fileRef = 72E3993D25BD85E300927B17 /* GameTime.swift */; };
/* End PBXBuildFile section */

/* Begin PBXContainerItemProxy section */
		72E398B725BB4ECB00927B17 /* PBXContainerItemProxy */ = {
			isa = PBXContainerItemProxy;
			containerPortal = 72E3989925BB4ECA00927B17 /* Project object */;
			proxyType = 1;
			remoteGlobalIDString = 72E398A025BB4ECA00927B17;
			remoteInfo = "Basic Game Engine";
		};
		72E398C225BB4ECB00927B17 /* PBXContainerItemProxy */ = {
			isa = PBXContainerItemProxy;
			containerPortal = 72E3989925BB4ECA00927B17 /* Project object */;
			proxyType = 1;
			remoteGlobalIDString = 72E398A025BB4ECA00927B17;
			remoteInfo = "Basic Game Engine";
		};
/* End PBXContainerItemProxy section */

/* Begin PBXFileReference section */
		72E398A125BB4ECA00927B17 /* Basic Game Engine.app */ = {isa = PBXFileReference; explicitFileType = wrapper.application; includeInIndex = 0; path = "Basic Game Engine.app"; sourceTree = BUILT_PRODUCTS_DIR; };
		72E398A425BB4ECA00927B17 /* AppDelegate.swift */ = {isa = PBXFileReference; lastKnownFileType = sourcecode.swift; path = AppDelegate.swift; sourceTree = "<group>"; };
		72E398A625BB4ECA00927B17 /* GameViewController.swift */ = {isa = PBXFileReference; lastKnownFileType = sourcecode.swift; path = GameViewController.swift; sourceTree = "<group>"; };
		72E398A925BB4ECA00927B17 /* Basic_Game_Engine.xcdatamodel */ = {isa = PBXFileReference; lastKnownFileType = wrapper.xcdatamodel; path = Basic_Game_Engine.xcdatamodel; sourceTree = "<group>"; };
		72E398AB25BB4ECB00927B17 /* Assets.xcassets */ = {isa = PBXFileReference; lastKnownFileType = folder.assetcatalog; path = Assets.xcassets; sourceTree = "<group>"; };
		72E398AE25BB4ECB00927B17 /* Base */ = {isa = PBXFileReference; lastKnownFileType = file.storyboard; name = Base; path = Base.lproj/Main.storyboard; sourceTree = "<group>"; };
		72E398B025BB4ECB00927B17 /* Info.plist */ = {isa = PBXFileReference; lastKnownFileType = text.plist.xml; path = Info.plist; sourceTree = "<group>"; };
		72E398B125BB4ECB00927B17 /* Basic_Game_Engine.entitlements */ = {isa = PBXFileReference; lastKnownFileType = text.plist.entitlements; path = Basic_Game_Engine.entitlements; sourceTree = "<group>"; };
		72E398B625BB4ECB00927B17 /* Basic Game EngineTests.xctest */ = {isa = PBXFileReference; explicitFileType = wrapper.cfbundle; includeInIndex = 0; path = "Basic Game EngineTests.xctest"; sourceTree = BUILT_PRODUCTS_DIR; };
		72E398BA25BB4ECB00927B17 /* Basic_Game_EngineTests.swift */ = {isa = PBXFileReference; lastKnownFileType = sourcecode.swift; path = Basic_Game_EngineTests.swift; sourceTree = "<group>"; };
		72E398BC25BB4ECB00927B17 /* Info.plist */ = {isa = PBXFileReference; lastKnownFileType = text.plist.xml; path = Info.plist; sourceTree = "<group>"; };
		72E398C125BB4ECB00927B17 /* Basic Game EngineUITests.xctest */ = {isa = PBXFileReference; explicitFileType = wrapper.cfbundle; includeInIndex = 0; path = "Basic Game EngineUITests.xctest"; sourceTree = BUILT_PRODUCTS_DIR; };
		72E398C525BB4ECB00927B17 /* Basic_Game_EngineUITests.swift */ = {isa = PBXFileReference; lastKnownFileType = sourcecode.swift; path = Basic_Game_EngineUITests.swift; sourceTree = "<group>"; };
		72E398C725BB4ECB00927B17 /* Info.plist */ = {isa = PBXFileReference; lastKnownFileType = text.plist.xml; path = Info.plist; sourceTree = "<group>"; };
		72E398DA25BB6FB800927B17 /* HelloWorldView.swift */ = {isa = PBXFileReference; lastKnownFileType = sourcecode.swift; path = HelloWorldView.swift; sourceTree = "<group>"; };
		72E398E025BB73E700927B17 /* BasicShaders.metal */ = {isa = PBXFileReference; lastKnownFileType = sourcecode.metal; path = BasicShaders.metal; sourceTree = "<group>"; };
		72E398E625BC135C00927B17 /* GameObject.swift */ = {isa = PBXFileReference; lastKnownFileType = sourcecode.swift; path = GameObject.swift; sourceTree = "<group>"; };
		72E398EE25BC19EF00927B17 /* Camera.swift */ = {isa = PBXFileReference; lastKnownFileType = sourcecode.swift; path = Camera.swift; sourceTree = "<group>"; };
		72E398F425BC21E400927B17 /* Core.swift */ = {isa = PBXFileReference; lastKnownFileType = sourcecode.swift; path = Core.swift; sourceTree = "<group>"; };
		72E398F925BC432C00927B17 /* Constants.swift */ = {isa = PBXFileReference; lastKnownFileType = sourcecode.swift; path = Constants.swift; sourceTree = "<group>"; };
		72E398FF25BC98AA00927B17 /* Utils.swift */ = {isa = PBXFileReference; lastKnownFileType = sourcecode.swift; path = Utils.swift; sourceTree = "<group>"; };
		72E3990A25BC9D7B00927B17 /* Mesh.swift */ = {isa = PBXFileReference; lastKnownFileType = sourcecode.swift; path = Mesh.swift; sourceTree = "<group>"; };
		72E3991725BCBB2500927B17 /* GameView.swift */ = {isa = PBXFileReference; lastKnownFileType = sourcecode.swift; path = GameView.swift; sourceTree = "<group>"; };
		72E3991C25BCBBB900927B17 /* RenderPipelineState.swift */ = {isa = PBXFileReference; lastKnownFileType = sourcecode.swift; path = RenderPipelineState.swift; sourceTree = "<group>"; };
		72E3992125BCC95500927B17 /* Renderer.swift */ = {isa = PBXFileReference; lastKnownFileType = sourcecode.swift; path = Renderer.swift; sourceTree = "<group>"; };
		72E3992725BCCDCF00927B17 /* RendererManager.swift */ = {isa = PBXFileReference; lastKnownFileType = sourcecode.swift; path = RendererManager.swift; sourceTree = "<group>"; };
		72E3992F25BCD28300927B17 /* SceneManager.swift */ = {isa = PBXFileReference; lastKnownFileType = sourcecode.swift; path = SceneManager.swift; sourceTree = "<group>"; };
		72E3993525BCD8FB00927B17 /* Models.swift */ = {isa = PBXFileReference; lastKnownFileType = sourcecode.swift; path = Models.swift; sourceTree = "<group>"; };
		72E3993D25BD85E300927B17 /* GameTime.swift */ = {isa = PBXFileReference; lastKnownFileType = sourcecode.swift; path = GameTime.swift; sourceTree = "<group>"; };
/* End PBXFileReference section */

/* Begin PBXFrameworksBuildPhase section */
		72E3989E25BB4ECA00927B17 /* Frameworks */ = {
			isa = PBXFrameworksBuildPhase;
			buildActionMask = 2147483647;
			files = (
			);
			runOnlyForDeploymentPostprocessing = 0;
		};
		72E398B325BB4ECB00927B17 /* Frameworks */ = {
			isa = PBXFrameworksBuildPhase;
			buildActionMask = 2147483647;
			files = (
			);
			runOnlyForDeploymentPostprocessing = 0;
		};
		72E398BE25BB4ECB00927B17 /* Frameworks */ = {
			isa = PBXFrameworksBuildPhase;
			buildActionMask = 2147483647;
			files = (
			);
			runOnlyForDeploymentPostprocessing = 0;
		};
/* End PBXFrameworksBuildPhase section */

/* Begin PBXGroup section */
		72E3989825BB4ECA00927B17 = {
			isa = PBXGroup;
			children = (
				72E398A325BB4ECA00927B17 /* Basic Game Engine */,
				72E398B925BB4ECB00927B17 /* Basic Game EngineTests */,
				72E398C425BB4ECB00927B17 /* Basic Game EngineUITests */,
				72E398A225BB4ECA00927B17 /* Products */,
			);
			sourceTree = "<group>";
		};
		72E398A225BB4ECA00927B17 /* Products */ = {
			isa = PBXGroup;
			children = (
				72E398A125BB4ECA00927B17 /* Basic Game Engine.app */,
				72E398B625BB4ECB00927B17 /* Basic Game EngineTests.xctest */,
				72E398C125BB4ECB00927B17 /* Basic Game EngineUITests.xctest */,
			);
			name = Products;
			sourceTree = "<group>";
		};
		72E398A325BB4ECA00927B17 /* Basic Game Engine */ = {
			isa = PBXGroup;
			children = (
				72E3993425BCD8EA00927B17 /* Libraries */,
				72E3992625BCCDC300927B17 /* Systems */,
				72E398FE25BC987E00927B17 /* Components */,
				72E398F325BC21BC00927B17 /* Core */,
				72E398E525BC131E00927B17 /* Objects */,
				72E398DF25BB73CD00927B17 /* Shaders */,
				72E398D625BB6EC200927B17 /* Views */,
				72E398A425BB4ECA00927B17 /* AppDelegate.swift */,
				72E398AB25BB4ECB00927B17 /* Assets.xcassets */,
				72E398AD25BB4ECB00927B17 /* Main.storyboard */,
				72E398B025BB4ECB00927B17 /* Info.plist */,
				72E398B125BB4ECB00927B17 /* Basic_Game_Engine.entitlements */,
				72E398A825BB4ECA00927B17 /* Basic_Game_Engine.xcdatamodeld */,
			);
			path = "Basic Game Engine";
			sourceTree = "<group>";
		};
		72E398B925BB4ECB00927B17 /* Basic Game EngineTests */ = {
			isa = PBXGroup;
			children = (
				72E398BA25BB4ECB00927B17 /* Basic_Game_EngineTests.swift */,
				72E398BC25BB4ECB00927B17 /* Info.plist */,
			);
			path = "Basic Game EngineTests";
			sourceTree = "<group>";
		};
		72E398C425BB4ECB00927B17 /* Basic Game EngineUITests */ = {
			isa = PBXGroup;
			children = (
				72E398C525BB4ECB00927B17 /* Basic_Game_EngineUITests.swift */,
				72E398C725BB4ECB00927B17 /* Info.plist */,
			);
			path = "Basic Game EngineUITests";
			sourceTree = "<group>";
		};
		72E398D625BB6EC200927B17 /* Views */ = {
			isa = PBXGroup;
			children = (
				72E398A625BB4ECA00927B17 /* GameViewController.swift */,
				72E398DA25BB6FB800927B17 /* HelloWorldView.swift */,
				72E3991725BCBB2500927B17 /* GameView.swift */,
			);
			path = Views;
			sourceTree = "<group>";
		};
		72E398DF25BB73CD00927B17 /* Shaders */ = {
			isa = PBXGroup;
			children = (
				72E398E025BB73E700927B17 /* BasicShaders.metal */,
			);
			path = Shaders;
			sourceTree = "<group>";
		};
		72E398E525BC131E00927B17 /* Objects */ = {
			isa = PBXGroup;
			children = (
				72E398EE25BC19EF00927B17 /* Camera.swift */,
			);
			path = Objects;
			sourceTree = "<group>";
		};
		72E398F325BC21BC00927B17 /* Core */ = {
			isa = PBXGroup;
			children = (
				72E398F425BC21E400927B17 /* Core.swift */,
				72E398F925BC432C00927B17 /* Constants.swift */,
				72E3991C25BCBBB900927B17 /* RenderPipelineState.swift */,
			);
			path = Core;
			sourceTree = "<group>";
		};
		72E398FE25BC987E00927B17 /* Components */ = {
			isa = PBXGroup;
			children = (
				72E398FF25BC98AA00927B17 /* Utils.swift */,
				72E3990A25BC9D7B00927B17 /* Mesh.swift */,
				72E398E625BC135C00927B17 /* GameObject.swift */,
				72E3992125BCC95500927B17 /* Renderer.swift */,
			);
			path = Components;
			sourceTree = "<group>";
		};
		72E3992625BCCDC300927B17 /* Systems */ = {
			isa = PBXGroup;
			children = (
				72E3992725BCCDCF00927B17 /* RendererManager.swift */,
				72E3992F25BCD28300927B17 /* SceneManager.swift */,
				72E3993D25BD85E300927B17 /* GameTime.swift */,
			);
			path = Systems;
			sourceTree = "<group>";
		};
		72E3993425BCD8EA00927B17 /* Libraries */ = {
			isa = PBXGroup;
			children = (
				72E3993525BCD8FB00927B17 /* Models.swift */,
			);
			path = Libraries;
			sourceTree = "<group>";
		};
/* End PBXGroup section */

/* Begin PBXNativeTarget section */
		72E398A025BB4ECA00927B17 /* Basic Game Engine */ = {
			isa = PBXNativeTarget;
			buildConfigurationList = 72E398CA25BB4ECB00927B17 /* Build configuration list for PBXNativeTarget "Basic Game Engine" */;
			buildPhases = (
				72E3989D25BB4ECA00927B17 /* Sources */,
				72E3989E25BB4ECA00927B17 /* Frameworks */,
				72E3989F25BB4ECA00927B17 /* Resources */,
			);
			buildRules = (
			);
			dependencies = (
			);
			name = "Basic Game Engine";
			productName = "Basic Game Engine";
			productReference = 72E398A125BB4ECA00927B17 /* Basic Game Engine.app */;
			productType = "com.apple.product-type.application";
		};
		72E398B525BB4ECB00927B17 /* Basic Game EngineTests */ = {
			isa = PBXNativeTarget;
			buildConfigurationList = 72E398CD25BB4ECB00927B17 /* Build configuration list for PBXNativeTarget "Basic Game EngineTests" */;
			buildPhases = (
				72E398B225BB4ECB00927B17 /* Sources */,
				72E398B325BB4ECB00927B17 /* Frameworks */,
				72E398B425BB4ECB00927B17 /* Resources */,
			);
			buildRules = (
			);
			dependencies = (
				72E398B825BB4ECB00927B17 /* PBXTargetDependency */,
			);
			name = "Basic Game EngineTests";
			productName = "Basic Game EngineTests";
			productReference = 72E398B625BB4ECB00927B17 /* Basic Game EngineTests.xctest */;
			productType = "com.apple.product-type.bundle.unit-test";
		};
		72E398C025BB4ECB00927B17 /* Basic Game EngineUITests */ = {
			isa = PBXNativeTarget;
			buildConfigurationList = 72E398D025BB4ECB00927B17 /* Build configuration list for PBXNativeTarget "Basic Game EngineUITests" */;
			buildPhases = (
				72E398BD25BB4ECB00927B17 /* Sources */,
				72E398BE25BB4ECB00927B17 /* Frameworks */,
				72E398BF25BB4ECB00927B17 /* Resources */,
			);
			buildRules = (
			);
			dependencies = (
				72E398C325BB4ECB00927B17 /* PBXTargetDependency */,
			);
			name = "Basic Game EngineUITests";
			productName = "Basic Game EngineUITests";
			productReference = 72E398C125BB4ECB00927B17 /* Basic Game EngineUITests.xctest */;
			productType = "com.apple.product-type.bundle.ui-testing";
		};
/* End PBXNativeTarget section */

/* Begin PBXProject section */
		72E3989925BB4ECA00927B17 /* Project object */ = {
			isa = PBXProject;
			attributes = {
				LastSwiftUpdateCheck = 1200;
				LastUpgradeCheck = 1200;
				TargetAttributes = {
					72E398A025BB4ECA00927B17 = {
						CreatedOnToolsVersion = 12.0;
					};
					72E398B525BB4ECB00927B17 = {
						CreatedOnToolsVersion = 12.0;
						TestTargetID = 72E398A025BB4ECA00927B17;
					};
					72E398C025BB4ECB00927B17 = {
						CreatedOnToolsVersion = 12.0;
						TestTargetID = 72E398A025BB4ECA00927B17;
					};
				};
			};
			buildConfigurationList = 72E3989C25BB4ECA00927B17 /* Build configuration list for PBXProject "Basic Game Engine" */;
			compatibilityVersion = "Xcode 9.3";
			developmentRegion = en;
			hasScannedForEncodings = 0;
			knownRegions = (
				en,
				Base,
			);
			mainGroup = 72E3989825BB4ECA00927B17;
			productRefGroup = 72E398A225BB4ECA00927B17 /* Products */;
			projectDirPath = "";
			projectRoot = "";
			targets = (
				72E398A025BB4ECA00927B17 /* Basic Game Engine */,
				72E398B525BB4ECB00927B17 /* Basic Game EngineTests */,
				72E398C025BB4ECB00927B17 /* Basic Game EngineUITests */,
			);
		};
/* End PBXProject section */

/* Begin PBXResourcesBuildPhase section */
		72E3989F25BB4ECA00927B17 /* Resources */ = {
			isa = PBXResourcesBuildPhase;
			buildActionMask = 2147483647;
			files = (
				72E398AC25BB4ECB00927B17 /* Assets.xcassets in Resources */,
				72E398AF25BB4ECB00927B17 /* Main.storyboard in Resources */,
			);
			runOnlyForDeploymentPostprocessing = 0;
		};
		72E398B425BB4ECB00927B17 /* Resources */ = {
			isa = PBXResourcesBuildPhase;
			buildActionMask = 2147483647;
			files = (
			);
			runOnlyForDeploymentPostprocessing = 0;
		};
		72E398BF25BB4ECB00927B17 /* Resources */ = {
			isa = PBXResourcesBuildPhase;
			buildActionMask = 2147483647;
			files = (
			);
			runOnlyForDeploymentPostprocessing = 0;
		};
/* End PBXResourcesBuildPhase section */

/* Begin PBXSourcesBuildPhase section */
		72E3989D25BB4ECA00927B17 /* Sources */ = {
			isa = PBXSourcesBuildPhase;
			buildActionMask = 2147483647;
			files = (
				72E398E125BB73E700927B17 /* BasicShaders.metal in Sources */,
				72E3993625BCD8FB00927B17 /* Models.swift in Sources */,
				72E3990B25BC9D7B00927B17 /* Mesh.swift in Sources */,
				72E3992225BCC95500927B17 /* Renderer.swift in Sources */,
				72E398A725BB4ECA00927B17 /* GameViewController.swift in Sources */,
				72E3991D25BCBBB900927B17 /* RenderPipelineState.swift in Sources */,
				72E398E725BC135C00927B17 /* GameObject.swift in Sources */,
				72E3993025BCD28300927B17 /* SceneManager.swift in Sources */,
				72E398AA25BB4ECA00927B17 /* Basic_Game_Engine.xcdatamodeld in Sources */,
				72E398DB25BB6FB800927B17 /* HelloWorldView.swift in Sources */,
				72E3990025BC98AA00927B17 /* Utils.swift in Sources */,
				72E398EF25BC19EF00927B17 /* Camera.swift in Sources */,
				72E3993E25BD85E300927B17 /* GameTime.swift in Sources */,
				72E3992825BCCDCF00927B17 /* RendererManager.swift in Sources */,
				72E398F525BC21E400927B17 /* Core.swift in Sources */,
				72E398A525BB4ECA00927B17 /* AppDelegate.swift in Sources */,
				72E3991825BCBB2500927B17 /* GameView.swift in Sources */,
				72E398FA25BC432C00927B17 /* Constants.swift in Sources */,
			);
			runOnlyForDeploymentPostprocessing = 0;
		};
		72E398B225BB4ECB00927B17 /* Sources */ = {
			isa = PBXSourcesBuildPhase;
			buildActionMask = 2147483647;
			files = (
				72E398BB25BB4ECB00927B17 /* Basic_Game_EngineTests.swift in Sources */,
			);
			runOnlyForDeploymentPostprocessing = 0;
		};
		72E398BD25BB4ECB00927B17 /* Sources */ = {
			isa = PBXSourcesBuildPhase;
			buildActionMask = 2147483647;
			files = (
				72E398C625BB4ECB00927B17 /* Basic_Game_EngineUITests.swift in Sources */,
			);
			runOnlyForDeploymentPostprocessing = 0;
		};
/* End PBXSourcesBuildPhase section */

/* Begin PBXTargetDependency section */
		72E398B825BB4ECB00927B17 /* PBXTargetDependency */ = {
			isa = PBXTargetDependency;
			target = 72E398A025BB4ECA00927B17 /* Basic Game Engine */;
			targetProxy = 72E398B725BB4ECB00927B17 /* PBXContainerItemProxy */;
		};
		72E398C325BB4ECB00927B17 /* PBXTargetDependency */ = {
			isa = PBXTargetDependency;
			target = 72E398A025BB4ECA00927B17 /* Basic Game Engine */;
			targetProxy = 72E398C225BB4ECB00927B17 /* PBXContainerItemProxy */;
		};
/* End PBXTargetDependency section */

/* Begin PBXVariantGroup section */
		72E398AD25BB4ECB00927B17 /* Main.storyboard */ = {
			isa = PBXVariantGroup;
			children = (
				72E398AE25BB4ECB00927B17 /* Base */,
			);
			name = Main.storyboard;
			sourceTree = "<group>";
		};
/* End PBXVariantGroup section */

/* Begin XCBuildConfiguration section */
		72E398C825BB4ECB00927B17 /* Debug */ = {
			isa = XCBuildConfiguration;
			buildSettings = {
				ALWAYS_SEARCH_USER_PATHS = NO;
				CLANG_ANALYZER_NONNULL = YES;
				CLANG_ANALYZER_NUMBER_OBJECT_CONVERSION = YES_AGGRESSIVE;
				CLANG_CXX_LANGUAGE_STANDARD = "gnu++14";
				CLANG_CXX_LIBRARY = "libc++";
				CLANG_ENABLE_MODULES = YES;
				CLANG_ENABLE_OBJC_ARC = YES;
				CLANG_ENABLE_OBJC_WEAK = YES;
				CLANG_WARN_BLOCK_CAPTURE_AUTORELEASING = YES;
				CLANG_WARN_BOOL_CONVERSION = YES;
				CLANG_WARN_COMMA = YES;
				CLANG_WARN_CONSTANT_CONVERSION = YES;
				CLANG_WARN_DEPRECATED_OBJC_IMPLEMENTATIONS = YES;
				CLANG_WARN_DIRECT_OBJC_ISA_USAGE = YES_ERROR;
				CLANG_WARN_DOCUMENTATION_COMMENTS = YES;
				CLANG_WARN_EMPTY_BODY = YES;
				CLANG_WARN_ENUM_CONVERSION = YES;
				CLANG_WARN_INFINITE_RECURSION = YES;
				CLANG_WARN_INT_CONVERSION = YES;
				CLANG_WARN_NON_LITERAL_NULL_CONVERSION = YES;
				CLANG_WARN_OBJC_IMPLICIT_RETAIN_SELF = YES;
				CLANG_WARN_OBJC_LITERAL_CONVERSION = YES;
				CLANG_WARN_OBJC_ROOT_CLASS = YES_ERROR;
				CLANG_WARN_QUOTED_INCLUDE_IN_FRAMEWORK_HEADER = YES;
				CLANG_WARN_RANGE_LOOP_ANALYSIS = YES;
				CLANG_WARN_STRICT_PROTOTYPES = YES;
				CLANG_WARN_SUSPICIOUS_MOVE = YES;
				CLANG_WARN_UNGUARDED_AVAILABILITY = YES_AGGRESSIVE;
				CLANG_WARN_UNREACHABLE_CODE = YES;
				CLANG_WARN__DUPLICATE_METHOD_MATCH = YES;
				COPY_PHASE_STRIP = NO;
				DEBUG_INFORMATION_FORMAT = dwarf;
				ENABLE_STRICT_OBJC_MSGSEND = YES;
				ENABLE_TESTABILITY = YES;
				GCC_C_LANGUAGE_STANDARD = gnu11;
				GCC_DYNAMIC_NO_PIC = NO;
				GCC_NO_COMMON_BLOCKS = YES;
				GCC_OPTIMIZATION_LEVEL = 0;
				GCC_PREPROCESSOR_DEFINITIONS = (
					"DEBUG=1",
					"$(inherited)",
				);
				GCC_WARN_64_TO_32_BIT_CONVERSION = YES;
				GCC_WARN_ABOUT_RETURN_TYPE = YES_ERROR;
				GCC_WARN_UNDECLARED_SELECTOR = YES;
				GCC_WARN_UNINITIALIZED_AUTOS = YES_AGGRESSIVE;
				GCC_WARN_UNUSED_FUNCTION = YES;
				GCC_WARN_UNUSED_VARIABLE = YES;
				MACOSX_DEPLOYMENT_TARGET = 10.15;
				MTL_ENABLE_DEBUG_INFO = INCLUDE_SOURCE;
				MTL_FAST_MATH = YES;
				ONLY_ACTIVE_ARCH = YES;
				SDKROOT = macosx;
				SWIFT_ACTIVE_COMPILATION_CONDITIONS = DEBUG;
				SWIFT_OPTIMIZATION_LEVEL = "-Onone";
			};
			name = Debug;
		};
		72E398C925BB4ECB00927B17 /* Release */ = {
			isa = XCBuildConfiguration;
			buildSettings = {
				ALWAYS_SEARCH_USER_PATHS = NO;
				CLANG_ANALYZER_NONNULL = YES;
				CLANG_ANALYZER_NUMBER_OBJECT_CONVERSION = YES_AGGRESSIVE;
				CLANG_CXX_LANGUAGE_STANDARD = "gnu++14";
				CLANG_CXX_LIBRARY = "libc++";
				CLANG_ENABLE_MODULES = YES;
				CLANG_ENABLE_OBJC_ARC = YES;
				CLANG_ENABLE_OBJC_WEAK = YES;
				CLANG_WARN_BLOCK_CAPTURE_AUTORELEASING = YES;
				CLANG_WARN_BOOL_CONVERSION = YES;
				CLANG_WARN_COMMA = YES;
				CLANG_WARN_CONSTANT_CONVERSION = YES;
				CLANG_WARN_DEPRECATED_OBJC_IMPLEMENTATIONS = YES;
				CLANG_WARN_DIRECT_OBJC_ISA_USAGE = YES_ERROR;
				CLANG_WARN_DOCUMENTATION_COMMENTS = YES;
				CLANG_WARN_EMPTY_BODY = YES;
				CLANG_WARN_ENUM_CONVERSION = YES;
				CLANG_WARN_INFINITE_RECURSION = YES;
				CLANG_WARN_INT_CONVERSION = YES;
				CLANG_WARN_NON_LITERAL_NULL_CONVERSION = YES;
				CLANG_WARN_OBJC_IMPLICIT_RETAIN_SELF = YES;
				CLANG_WARN_OBJC_LITERAL_CONVERSION = YES;
				CLANG_WARN_OBJC_ROOT_CLASS = YES_ERROR;
				CLANG_WARN_QUOTED_INCLUDE_IN_FRAMEWORK_HEADER = YES;
				CLANG_WARN_RANGE_LOOP_ANALYSIS = YES;
				CLANG_WARN_STRICT_PROTOTYPES = YES;
				CLANG_WARN_SUSPICIOUS_MOVE = YES;
				CLANG_WARN_UNGUARDED_AVAILABILITY = YES_AGGRESSIVE;
				CLANG_WARN_UNREACHABLE_CODE = YES;
				CLANG_WARN__DUPLICATE_METHOD_MATCH = YES;
				COPY_PHASE_STRIP = NO;
				DEBUG_INFORMATION_FORMAT = "dwarf-with-dsym";
				ENABLE_NS_ASSERTIONS = NO;
				ENABLE_STRICT_OBJC_MSGSEND = YES;
				GCC_C_LANGUAGE_STANDARD = gnu11;
				GCC_NO_COMMON_BLOCKS = YES;
				GCC_WARN_64_TO_32_BIT_CONVERSION = YES;
				GCC_WARN_ABOUT_RETURN_TYPE = YES_ERROR;
				GCC_WARN_UNDECLARED_SELECTOR = YES;
				GCC_WARN_UNINITIALIZED_AUTOS = YES_AGGRESSIVE;
				GCC_WARN_UNUSED_FUNCTION = YES;
				GCC_WARN_UNUSED_VARIABLE = YES;
				MACOSX_DEPLOYMENT_TARGET = 10.15;
				MTL_ENABLE_DEBUG_INFO = NO;
				MTL_FAST_MATH = YES;
				SDKROOT = macosx;
				SWIFT_COMPILATION_MODE = wholemodule;
				SWIFT_OPTIMIZATION_LEVEL = "-O";
			};
			name = Release;
		};
		72E398CB25BB4ECB00927B17 /* Debug */ = {
			isa = XCBuildConfiguration;
			buildSettings = {
				ASSETCATALOG_COMPILER_APPICON_NAME = AppIcon;
				ASSETCATALOG_COMPILER_GLOBAL_ACCENT_COLOR_NAME = AccentColor;
				CODE_SIGN_ENTITLEMENTS = "Basic Game Engine/Basic_Game_Engine.entitlements";
				CODE_SIGN_STYLE = Automatic;
				COMBINE_HIDPI_IMAGES = YES;
				INFOPLIST_FILE = "Basic Game Engine/Info.plist";
				LD_RUNPATH_SEARCH_PATHS = (
					"$(inherited)",
					"@executable_path/../Frameworks",
				);
				PRODUCT_BUNDLE_IDENTIFIER = "Ravi.Basic-Game-Engine";
				PRODUCT_NAME = "$(TARGET_NAME)";
				SWIFT_VERSION = 5.0;
			};
			name = Debug;
		};
		72E398CC25BB4ECB00927B17 /* Release */ = {
			isa = XCBuildConfiguration;
			buildSettings = {
				ASSETCATALOG_COMPILER_APPICON_NAME = AppIcon;
				ASSETCATALOG_COMPILER_GLOBAL_ACCENT_COLOR_NAME = AccentColor;
				CODE_SIGN_ENTITLEMENTS = "Basic Game Engine/Basic_Game_Engine.entitlements";
				CODE_SIGN_STYLE = Automatic;
				COMBINE_HIDPI_IMAGES = YES;
				INFOPLIST_FILE = "Basic Game Engine/Info.plist";
				LD_RUNPATH_SEARCH_PATHS = (
					"$(inherited)",
					"@executable_path/../Frameworks",
				);
				PRODUCT_BUNDLE_IDENTIFIER = "Ravi.Basic-Game-Engine";
				PRODUCT_NAME = "$(TARGET_NAME)";
				SWIFT_VERSION = 5.0;
			};
			name = Release;
		};
		72E398CE25BB4ECB00927B17 /* Debug */ = {
			isa = XCBuildConfiguration;
			buildSettings = {
				ALWAYS_EMBED_SWIFT_STANDARD_LIBRARIES = YES;
				BUNDLE_LOADER = "$(TEST_HOST)";
				CODE_SIGN_STYLE = Automatic;
				COMBINE_HIDPI_IMAGES = YES;
				INFOPLIST_FILE = "Basic Game EngineTests/Info.plist";
				LD_RUNPATH_SEARCH_PATHS = (
					"$(inherited)",
					"@executable_path/../Frameworks",
					"@loader_path/../Frameworks",
				);
				MACOSX_DEPLOYMENT_TARGET = 10.15;
				PRODUCT_BUNDLE_IDENTIFIER = "Ravi.Basic-Game-EngineTests";
				PRODUCT_NAME = "$(TARGET_NAME)";
				SWIFT_VERSION = 5.0;
				TEST_HOST = "$(BUILT_PRODUCTS_DIR)/Basic Game Engine.app/Contents/MacOS/Basic Game Engine";
			};
			name = Debug;
		};
		72E398CF25BB4ECB00927B17 /* Release */ = {
			isa = XCBuildConfiguration;
			buildSettings = {
				ALWAYS_EMBED_SWIFT_STANDARD_LIBRARIES = YES;
				BUNDLE_LOADER = "$(TEST_HOST)";
				CODE_SIGN_STYLE = Automatic;
				COMBINE_HIDPI_IMAGES = YES;
				INFOPLIST_FILE = "Basic Game EngineTests/Info.plist";
				LD_RUNPATH_SEARCH_PATHS = (
					"$(inherited)",
					"@executable_path/../Frameworks",
					"@loader_path/../Frameworks",
				);
				MACOSX_DEPLOYMENT_TARGET = 10.15;
				PRODUCT_BUNDLE_IDENTIFIER = "Ravi.Basic-Game-EngineTests";
				PRODUCT_NAME = "$(TARGET_NAME)";
				SWIFT_VERSION = 5.0;
				TEST_HOST = "$(BUILT_PRODUCTS_DIR)/Basic Game Engine.app/Contents/MacOS/Basic Game Engine";
			};
			name = Release;
		};
		72E398D125BB4ECB00927B17 /* Debug */ = {
			isa = XCBuildConfiguration;
			buildSettings = {
				ALWAYS_EMBED_SWIFT_STANDARD_LIBRARIES = YES;
				CODE_SIGN_STYLE = Automatic;
				COMBINE_HIDPI_IMAGES = YES;
				INFOPLIST_FILE = "Basic Game EngineUITests/Info.plist";
				LD_RUNPATH_SEARCH_PATHS = (
					"$(inherited)",
					"@executable_path/../Frameworks",
					"@loader_path/../Frameworks",
				);
				PRODUCT_BUNDLE_IDENTIFIER = "Ravi.Basic-Game-EngineUITests";
				PRODUCT_NAME = "$(TARGET_NAME)";
				SWIFT_VERSION = 5.0;
				TEST_TARGET_NAME = "Basic Game Engine";
			};
			name = Debug;
		};
		72E398D225BB4ECB00927B17 /* Release */ = {
			isa = XCBuildConfiguration;
			buildSettings = {
				ALWAYS_EMBED_SWIFT_STANDARD_LIBRARIES = YES;
				CODE_SIGN_STYLE = Automatic;
				COMBINE_HIDPI_IMAGES = YES;
				INFOPLIST_FILE = "Basic Game EngineUITests/Info.plist";
				LD_RUNPATH_SEARCH_PATHS = (
					"$(inherited)",
					"@executable_path/../Frameworks",
					"@loader_path/../Frameworks",
				);
				PRODUCT_BUNDLE_IDENTIFIER = "Ravi.Basic-Game-EngineUITests";
				PRODUCT_NAME = "$(TARGET_NAME)";
				SWIFT_VERSION = 5.0;
				TEST_TARGET_NAME = "Basic Game Engine";
			};
			name = Release;
		};
/* End XCBuildConfiguration section */

/* Begin XCConfigurationList section */
		72E3989C25BB4ECA00927B17 /* Build configuration list for PBXProject "Basic Game Engine" */ = {
			isa = XCConfigurationList;
			buildConfigurations = (
				72E398C825BB4ECB00927B17 /* Debug */,
				72E398C925BB4ECB00927B17 /* Release */,
			);
			defaultConfigurationIsVisible = 0;
			defaultConfigurationName = Release;
		};
		72E398CA25BB4ECB00927B17 /* Build configuration list for PBXNativeTarget "Basic Game Engine" */ = {
			isa = XCConfigurationList;
			buildConfigurations = (
				72E398CB25BB4ECB00927B17 /* Debug */,
				72E398CC25BB4ECB00927B17 /* Release */,
			);
			defaultConfigurationIsVisible = 0;
			defaultConfigurationName = Release;
		};
		72E398CD25BB4ECB00927B17 /* Build configuration list for PBXNativeTarget "Basic Game EngineTests" */ = {
			isa = XCConfigurationList;
			buildConfigurations = (
				72E398CE25BB4ECB00927B17 /* Debug */,
				72E398CF25BB4ECB00927B17 /* Release */,
			);
			defaultConfigurationIsVisible = 0;
			defaultConfigurationName = Release;
		};
		72E398D025BB4ECB00927B17 /* Build configuration list for PBXNativeTarget "Basic Game EngineUITests" */ = {
			isa = XCConfigurationList;
			buildConfigurations = (
				72E398D125BB4ECB00927B17 /* Debug */,
				72E398D225BB4ECB00927B17 /* Release */,
			);
			defaultConfigurationIsVisible = 0;
			defaultConfigurationName = Release;
		};
/* End XCConfigurationList section */

/* Begin XCVersionGroup section */
		72E398A825BB4ECA00927B17 /* Basic_Game_Engine.xcdatamodeld */ = {
			isa = XCVersionGroup;
			children = (
				72E398A925BB4ECA00927B17 /* Basic_Game_Engine.xcdatamodel */,
			);
			currentVersion = 72E398A925BB4ECA00927B17 /* Basic_Game_Engine.xcdatamodel */;
			path = Basic_Game_Engine.xcdatamodeld;
			sourceTree = "<group>";
			versionGroupType = wrapper.xcdatamodel;
		};
/* End XCVersionGroup section */
	};
	rootObject = 72E3989925BB4ECA00927B17 /* Project object */;
}
